
Microsoft Visual Studio Solution File, Format Version 12.00
# Visual Studio Version 17
VisualStudioVersion = 17.4.33213.308
MinimumVisualStudioVersion = 10.0.40219.1
Project("{FAE04EC0-301F-11D3-BF4B-00C04F79EFBC}") = "Lab_CustomeHelpers2", "Lab_CustomeHelpers2\Lab_CustomeHelpers2.csproj", "{1B45B1BE-9096-4C30-A6E0-22DDF01C6397}"
EndProject
Global
	GlobalSection(SolutionConfigurationPlatforms) = preSolution
		Debug|Any CPU = Debug|Any CPU
		Release|Any CPU = Release|Any CPU
	EndGlobalSection
	GlobalSection(ProjectConfigurationPlatforms) = postSolution
		{1B45B1BE-9096-4C30-A6E0-22DDF01C6397}.Debug|Any CPU.ActiveCfg = Debug|Any CPU
		{1B45B1BE-9096-4C30-A6E0-22DDF01C6397}.Debug|Any CPU.Build.0 = Debug|Any CPU
		{1B45B1BE-9096-4C30-A6E0-22DDF01C6397}.Release|Any CPU.ActiveCfg = Release|Any CPU
		{1B45B1BE-9096-4C30-A6E0-22DDF01C6397}.Release|Any CPU.Build.0 = Release|Any CPU
	EndGlobalSection
	GlobalSection(SolutionProperties) = preSolution
		HideSolutionNode = FALSE
	EndGlobalSection
	GlobalSection(ExtensibilityGlobals) = postSolution
		SolutionGuid = {7DAE3291-B1AD-431D-B241-8681BF3DCEA7}
	EndGlobalSection
EndGlobal
