
Microsoft Visual Studio Solution File, Format Version 12.00
# Visual Studio Version 17
VisualStudioVersion = 17.4.33213.308
MinimumVisualStudioVersion = 10.0.40219.1
Project("{9A19103F-16F7-4668-BE54-9A1E7A4F7556}") = "WebApp", "WebApp\WebApp.csproj", "{973590A7-CF29-4CB2-8E70-9B42D462400A}"
EndProject
Project("{9A19103F-16F7-4668-BE54-9A1E7A4F7556}") = "DAL", "DAL\DAL.csproj", "{0F562D8B-4B77-4177-A26A-97345928F65E}"
EndProject
Global
	GlobalSection(SolutionConfigurationPlatforms) = preSolution
		Debug|Any CPU = Debug|Any CPU
		Release|Any CPU = Release|Any CPU
	EndGlobalSection
	GlobalSection(ProjectConfigurationPlatforms) = postSolution
		{973590A7-CF29-4CB2-8E70-9B42D462400A}.Debug|Any CPU.ActiveCfg = Debug|Any CPU
		{973590A7-CF29-4CB2-8E70-9B42D462400A}.Debug|Any CPU.Build.0 = Debug|Any CPU
		{973590A7-CF29-4CB2-8E70-9B42D462400A}.Release|Any CPU.ActiveCfg = Release|Any CPU
		{973590A7-CF29-4CB2-8E70-9B42D462400A}.Release|Any CPU.Build.0 = Release|Any CPU
		{0F562D8B-4B77-4177-A26A-97345928F65E}.Debug|Any CPU.ActiveCfg = Debug|Any CPU
		{0F562D8B-4B77-4177-A26A-97345928F65E}.Debug|Any CPU.Build.0 = Debug|Any CPU
		{0F562D8B-4B77-4177-A26A-97345928F65E}.Release|Any CPU.ActiveCfg = Release|Any CPU
		{0F562D8B-4B77-4177-A26A-97345928F65E}.Release|Any CPU.Build.0 = Release|Any CPU
	EndGlobalSection
	GlobalSection(SolutionProperties) = preSolution
		HideSolutionNode = FALSE
	EndGlobalSection
	GlobalSection(ExtensibilityGlobals) = postSolution
		SolutionGuid = {3B79D490-D85F-48F6-922C-74A24F41CB70}
	EndGlobalSection
EndGlobal
