
Microsoft Visual Studio Solution File, Format Version 12.00
# Visual Studio Version 17
VisualStudioVersion = 17.4.33213.308
MinimumVisualStudioVersion = 10.0.40219.1
Project("{FAE04EC0-301F-11D3-BF4B-00C04F79EFBC}") = "Lab_DataPassing", "Lab_DataPassing\Lab_DataPassing.csproj", "{71780F12-C10C-46A4-AD2C-E7403DCF669D}"
EndProject
Global
	GlobalSection(SolutionConfigurationPlatforms) = preSolution
		Debug|Any CPU = Debug|Any CPU
		Release|Any CPU = Release|Any CPU
	EndGlobalSection
	GlobalSection(ProjectConfigurationPlatforms) = postSolution
		{71780F12-C10C-46A4-AD2C-E7403DCF669D}.Debug|Any CPU.ActiveCfg = Debug|Any CPU
		{71780F12-C10C-46A4-AD2C-E7403DCF669D}.Debug|Any CPU.Build.0 = Debug|Any CPU
		{71780F12-C10C-46A4-AD2C-E7403DCF669D}.Release|Any CPU.ActiveCfg = Release|Any CPU
		{71780F12-C10C-46A4-AD2C-E7403DCF669D}.Release|Any CPU.Build.0 = Release|Any CPU
	EndGlobalSection
	GlobalSection(SolutionProperties) = preSolution
		HideSolutionNode = FALSE
	EndGlobalSection
	GlobalSection(ExtensibilityGlobals) = postSolution
		SolutionGuid = {17641490-6032-4A07-98A4-10905376615D}
	EndGlobalSection
EndGlobal
